// !$*UTF8*$!
{
	archiveVersion = 1;
	classes = {
	};
	objectVersion = 46;
	objects = {

/* Begin PBXBuildFile section */
		9833A1281E574A4700DB53B2 /* main.m in Sources */ = {isa = PBXBuildFile; fileRef = 9833A1271E574A4700DB53B2 /* main.m */; };
		9833A12B1E574A4700DB53B2 /* AppDelegate.m in Sources */ = {isa = PBXBuildFile; fileRef = 9833A12A1E574A4700DB53B2 /* AppDelegate.m */; };
		9833A12E1E574A4700DB53B2 /* ViewController.m in Sources */ = {isa = PBXBuildFile; fileRef = 9833A12D1E574A4700DB53B2 /* ViewController.m */; };
		9833A1311E574A4700DB53B2 /* Main.storyboard in Resources */ = {isa = PBXBuildFile; fileRef = 9833A12F1E574A4700DB53B2 /* Main.storyboard */; };
		9833A1331E574A4700DB53B2 /* Assets.xcassets in Resources */ = {isa = PBXBuildFile; fileRef = 9833A1321E574A4700DB53B2 /* Assets.xcassets */; };
		9833A1361E574A4700DB53B2 /* LaunchScreen.storyboard in Resources */ = {isa = PBXBuildFile; fileRef = 9833A1341E574A4700DB53B2 /* LaunchScreen.storyboard */; };
		C40017F5898DDFF22F6A0E92 /* libPods-ZBCommonSdk.a in Frameworks */ = {isa = PBXBuildFile; fileRef = 560EBC0B56AF67A8701B515E /* libPods-ZBCommonSdk.a */; };
/* End PBXBuildFile section */

/* Begin PBXFileReference section */
		560EBC0B56AF67A8701B515E /* libPods-ZBCommonSdk.a */ = {isa = PBXFileReference; explicitFileType = archive.ar; includeInIndex = 0; path = "libPods-ZBCommonSdk.a"; sourceTree = BUILT_PRODUCTS_DIR; };
		7C4491C6CAA87E37D8A397A8 /* Pods-ZBCommonSdk.debug.xcconfig */ = {isa = PBXFileReference; includeInIndex = 1; lastKnownFileType = text.xcconfig; name = "Pods-ZBCommonSdk.debug.xcconfig"; path = "Pods/Target Support Files/Pods-ZBCommonSdk/Pods-ZBCommonSdk.debug.xcconfig"; sourceTree = "<group>"; };
		9833A1231E574A4700DB53B2 /* ZBCommonSdk.app */ = {isa = PBXFileReference; explicitFileType = wrapper.application; includeInIndex = 0; path = ZBCommonSdk.app; sourceTree = BUILT_PRODUCTS_DIR; };
		9833A1271E574A4700DB53B2 /* main.m */ = {isa = PBXFileReference; lastKnownFileType = sourcecode.c.objc; path = main.m; sourceTree = "<group>"; };
		9833A1291E574A4700DB53B2 /* AppDelegate.h */ = {isa = PBXFileReference; lastKnownFileType = sourcecode.c.h; path = AppDelegate.h; sourceTree = "<group>"; };
		9833A12A1E574A4700DB53B2 /* AppDelegate.m */ = {isa = PBXFileReference; lastKnownFileType = sourcecode.c.objc; path = AppDelegate.m; sourceTree = "<group>"; };
		9833A12C1E574A4700DB53B2 /* ViewController.h */ = {isa = PBXFileReference; lastKnownFileType = sourcecode.c.h; path = ViewController.h; sourceTree = "<group>"; };
		9833A12D1E574A4700DB53B2 /* ViewController.m */ = {isa = PBXFileReference; lastKnownFileType = sourcecode.c.objc; path = ViewController.m; sourceTree = "<group>"; };
		9833A1301E574A4700DB53B2 /* Base */ = {isa = PBXFileReference; lastKnownFileType = file.storyboard; name = Base; path = Base.lproj/Main.storyboard; sourceTree = "<group>"; };
		9833A1321E574A4700DB53B2 /* Assets.xcassets */ = {isa = PBXFileReference; lastKnownFileType = folder.assetcatalog; path = Assets.xcassets; sourceTree = "<group>"; };
		9833A1351E574A4700DB53B2 /* Base */ = {isa = PBXFileReference; lastKnownFileType = file.storyboard; name = Base; path = Base.lproj/LaunchScreen.storyboard; sourceTree = "<group>"; };
		9833A1371E574A4700DB53B2 /* Info.plist */ = {isa = PBXFileReference; lastKnownFileType = text.plist.xml; path = Info.plist; sourceTree = "<group>"; };
		B2FDFDF77F16C1EAF520CA75 /* Pods-ZBCommonSdk.release.xcconfig */ = {isa = PBXFileReference; includeInIndex = 1; lastKnownFileType = text.xcconfig; name = "Pods-ZBCommonSdk.release.xcconfig"; path = "Pods/Target Support Files/Pods-ZBCommonSdk/Pods-ZBCommonSdk.release.xcconfig"; sourceTree = "<group>"; };
/* End PBXFileReference section */

/* Begin PBXFrameworksBuildPhase section */
		9833A1201E574A4700DB53B2 /* Frameworks */ = {
			isa = PBXFrameworksBuildPhase;
			buildActionMask = 2147483647;
			files = (
				C40017F5898DDFF22F6A0E92 /* libPods-ZBCommonSdk.a in Frameworks */,
			);
			runOnlyForDeploymentPostprocessing = 0;
		};
/* End PBXFrameworksBuildPhase section */

/* Begin PBXGroup section */
		5D446192306EC7389DB7610F /* Frameworks */ = {
			isa = PBXGroup;
			children = (
				560EBC0B56AF67A8701B515E /* libPods-ZBCommonSdk.a */,
			);
			name = Frameworks;
			sourceTree = "<group>";
		};
		9833A11A1E574A4700DB53B2 = {
			isa = PBXGroup;
			children = (
				9833A1251E574A4700DB53B2 /* ZBCommonSdk */,
				9833A1241E574A4700DB53B2 /* Products */,
				CEAA618C58B62B113157A97B /* Pods */,
				5D446192306EC7389DB7610F /* Frameworks */,
			);
			sourceTree = "<group>";
		};
		9833A1241E574A4700DB53B2 /* Products */ = {
			isa = PBXGroup;
			children = (
				9833A1231E574A4700DB53B2 /* ZBCommonSdk.app */,
			);
			name = Products;
			sourceTree = "<group>";
		};
		9833A1251E574A4700DB53B2 /* ZBCommonSdk */ = {
			isa = PBXGroup;
			children = (
				9833A1291E574A4700DB53B2 /* AppDelegate.h */,
				9833A12A1E574A4700DB53B2 /* AppDelegate.m */,
				9833A12C1E574A4700DB53B2 /* ViewController.h */,
				9833A12D1E574A4700DB53B2 /* ViewController.m */,
				9833A12F1E574A4700DB53B2 /* Main.storyboard */,
				9833A1321E574A4700DB53B2 /* Assets.xcassets */,
				9833A1341E574A4700DB53B2 /* LaunchScreen.storyboard */,
				9833A1371E574A4700DB53B2 /* Info.plist */,
				9833A1261E574A4700DB53B2 /* Supporting Files */,
			);
			path = ZBCommonSdk;
			sourceTree = "<group>";
		};
		9833A1261E574A4700DB53B2 /* Supporting Files */ = {
			isa = PBXGroup;
			children = (
				9833A1271E574A4700DB53B2 /* main.m */,
			);
			name = "Supporting Files";
			sourceTree = "<group>";
		};
		CEAA618C58B62B113157A97B /* Pods */ = {
			isa = PBXGroup;
			children = (
				7C4491C6CAA87E37D8A397A8 /* Pods-ZBCommonSdk.debug.xcconfig */,
				B2FDFDF77F16C1EAF520CA75 /* Pods-ZBCommonSdk.release.xcconfig */,
			);
			name = Pods;
			sourceTree = "<group>";
		};
/* End PBXGroup section */

/* Begin PBXNativeTarget section */
		9833A1221E574A4700DB53B2 /* ZBCommonSdk */ = {
			isa = PBXNativeTarget;
			buildConfigurationList = 9833A13A1E574A4700DB53B2 /* Build configuration list for PBXNativeTarget "ZBCommonSdk" */;
			buildPhases = (
				6F3FD511A25D071AEDFF1738 /* [CP] Check Pods Manifest.lock */,
				9833A11F1E574A4700DB53B2 /* Sources */,
				9833A1201E574A4700DB53B2 /* Frameworks */,
				9833A1211E574A4700DB53B2 /* Resources */,
				DC5C213DA33D5830A542D99D /* [CP] Embed Pods Frameworks */,
				A24FD0341EB1FFBE884A1B94 /* [CP] Copy Pods Resources */,
			);
			buildRules = (
			);
			dependencies = (
			);
			name = ZBCommonSdk;
			productName = ZBCommonSdk;
			productReference = 9833A1231E574A4700DB53B2 /* ZBCommonSdk.app */;
			productType = "com.apple.product-type.application";
		};
/* End PBXNativeTarget section */

/* Begin PBXProject section */
		9833A11B1E574A4700DB53B2 /* Project object */ = {
			isa = PBXProject;
			attributes = {
				LastUpgradeCheck = 0800;
				ORGANIZATIONNAME = zhanbin;
				TargetAttributes = {
					9833A1221E574A4700DB53B2 = {
						CreatedOnToolsVersion = 8.0;
						ProvisioningStyle = Automatic;
					};
				};
			};
			buildConfigurationList = 9833A11E1E574A4700DB53B2 /* Build configuration list for PBXProject "ZBCommonSdk" */;
			compatibilityVersion = "Xcode 3.2";
			developmentRegion = English;
			hasScannedForEncodings = 0;
			knownRegions = (
				en,
				Base,
			);
			mainGroup = 9833A11A1E574A4700DB53B2;
			productRefGroup = 9833A1241E574A4700DB53B2 /* Products */;
			projectDirPath = "";
			projectRoot = "";
			targets = (
				9833A1221E574A4700DB53B2 /* ZBCommonSdk */,
			);
		};
/* End PBXProject section */

/* Begin PBXResourcesBuildPhase section */
		9833A1211E574A4700DB53B2 /* Resources */ = {
			isa = PBXResourcesBuildPhase;
			buildActionMask = 2147483647;
			files = (
				9833A1361E574A4700DB53B2 /* LaunchScreen.storyboard in Resources */,
				9833A1331E574A4700DB53B2 /* Assets.xcassets in Resources */,
				9833A1311E574A4700DB53B2 /* Main.storyboard in Resources */,
			);
			runOnlyForDeploymentPostprocessing = 0;
		};
/* End PBXResourcesBuildPhase section */

/* Begin PBXShellScriptBuildPhase section */
		6F3FD511A25D071AEDFF1738 /* [CP] Check Pods Manifest.lock */ = {
			isa = PBXShellScriptBuildPhase;
			buildActionMask = 2147483647;
			files = (
			);
			inputPaths = (
			);
			name = "[CP] Check Pods Manifest.lock";
			outputPaths = (
			);
			runOnlyForDeploymentPostprocessing = 0;
			shellPath = /bin/sh;
			shellScript = "diff \"${PODS_ROOT}/../Podfile.lock\" \"${PODS_ROOT}/Manifest.lock\" > /dev/null\nif [[ $? != 0 ]] ; then\n    cat << EOM\nerror: The sandbox is not in sync with the Podfile.lock. Run \'pod install\' or update your CocoaPods installation.\nEOM\n    exit 1\nfi\n";
			showEnvVarsInLog = 0;
		};
		A24FD0341EB1FFBE884A1B94 /* [CP] Copy Pods Resources */ = {
			isa = PBXShellScriptBuildPhase;
			buildActionMask = 2147483647;
			files = (
			);
			inputPaths = (
			);
			name = "[CP] Copy Pods Resources";
			outputPaths = (
			);
			runOnlyForDeploymentPostprocessing = 0;
			shellPath = /bin/sh;
			shellScript = "\"${SRCROOT}/Pods/Target Support Files/Pods-ZBCommonSdk/Pods-ZBCommonSdk-resources.sh\"\n";
			showEnvVarsInLog = 0;
		};
		DC5C213DA33D5830A542D99D /* [CP] Embed Pods Frameworks */ = {
			isa = PBXShellScriptBuildPhase;
			buildActionMask = 2147483647;
			files = (
			);
			inputPaths = (
			);
			name = "[CP] Embed Pods Frameworks";
			outputPaths = (
			);
			runOnlyForDeploymentPostprocessing = 0;
			shellPath = /bin/sh;
			shellScript = "\"${SRCROOT}/Pods/Target Support Files/Pods-ZBCommonSdk/Pods-ZBCommonSdk-frameworks.sh\"\n";
			showEnvVarsInLog = 0;
		};
/* End PBXShellScriptBuildPhase section */

/* Begin PBXSourcesBuildPhase section */
		9833A11F1E574A4700DB53B2 /* Sources */ = {
			isa = PBXSourcesBuildPhase;
			buildActionMask = 2147483647;
			files = (
				9833A12E1E574A4700DB53B2 /* ViewController.m in Sources */,
				9833A12B1E574A4700DB53B2 /* AppDelegate.m in Sources */,
				9833A1281E574A4700DB53B2 /* main.m in Sources */,
			);
			runOnlyForDeploymentPostprocessing = 0;
		};
/* End PBXSourcesBuildPhase section */

/* Begin PBXVariantGroup section */
		9833A12F1E574A4700DB53B2 /* Main.storyboard */ = {
			isa = PBXVariantGroup;
			children = (
				9833A1301E574A4700DB53B2 /* Base */,
			);
			name = Main.storyboard;
			sourceTree = "<group>";
		};
		9833A1341E574A4700DB53B2 /* LaunchScreen.storyboard */ = {
			isa = PBXVariantGroup;
			children = (
				9833A1351E574A4700DB53B2 /* Base */,
			);
			name = LaunchScreen.storyboard;
			sourceTree = "<group>";
		};
/* End PBXVariantGroup section */

/* Begin XCBuildConfiguration section */
		9833A1381E574A4700DB53B2 /* Debug */ = {
			isa = XCBuildConfiguration;
			buildSettings = {
				ALWAYS_SEARCH_USER_PATHS = NO;
				CLANG_ANALYZER_NONNULL = YES;
				CLANG_CXX_LANGUAGE_STANDARD = "gnu++0x";
				CLANG_CXX_LIBRARY = "libc++";
				CLANG_ENABLE_MODULES = YES;
				CLANG_ENABLE_OBJC_ARC = YES;
				CLANG_WARN_BOOL_CONVERSION = YES;
				CLANG_WARN_CONSTANT_CONVERSION = YES;
				CLANG_WARN_DIRECT_OBJC_ISA_USAGE = YES_ERROR;
				CLANG_WARN_DOCUMENTATION_COMMENTS = YES;
				CLANG_WARN_EMPTY_BODY = YES;
				CLANG_WARN_ENUM_CONVERSION = YES;
				CLANG_WARN_INFINITE_RECURSION = YES;
				CLANG_WARN_INT_CONVERSION = YES;
				CLANG_WARN_OBJC_ROOT_CLASS = YES_ERROR;
				CLANG_WARN_SUSPICIOUS_MOVES = YES;
				CLANG_WARN_UNREACHABLE_CODE = YES;
				CLANG_WARN__DUPLICATE_METHOD_MATCH = YES;
				"CODE_SIGN_IDENTITY[sdk=iphoneos*]" = "iPhone Developer";
				COPY_PHASE_STRIP = NO;
				DEBUG_INFORMATION_FORMAT = dwarf;
				ENABLE_STRICT_OBJC_MSGSEND = YES;
				ENABLE_TESTABILITY = YES;
				GCC_C_LANGUAGE_STANDARD = gnu99;
				GCC_DYNAMIC_NO_PIC = NO;
				GCC_NO_COMMON_BLOCKS = YES;
				GCC_OPTIMIZATION_LEVEL = 0;
				GCC_PREPROCESSOR_DEFINITIONS = (
					"DEBUG=1",
					"$(inherited)",
				);
				GCC_WARN_64_TO_32_BIT_CONVERSION = YES;
				GCC_WARN_ABOUT_RETURN_TYPE = YES_ERROR;
				GCC_WARN_UNDECLARED_SELECTOR = YES;
				GCC_WARN_UNINITIALIZED_AUTOS = YES_AGGRESSIVE;
				GCC_WARN_UNUSED_FUNCTION = YES;
				GCC_WARN_UNUSED_VARIABLE = YES;
				IPHONEOS_DEPLOYMENT_TARGET = 10.0;
				MTL_ENABLE_DEBUG_INFO = YES;
				ONLY_ACTIVE_ARCH = YES;
				SDKROOT = iphoneos;
			};
			name = Debug;
		};
		9833A1391E574A4700DB53B2 /* Release */ = {
			isa = XCBuildConfiguration;
			buildSettings = {
				ALWAYS_SEARCH_USER_PATHS = NO;
				CLANG_ANALYZER_NONNULL = YES;
				CLANG_CXX_LANGUAGE_STANDARD = "gnu++0x";
				CLANG_CXX_LIBRARY = "libc++";
				CLANG_ENABLE_MODULES = YES;
				CLANG_ENABLE_OBJC_ARC = YES;
				CLANG_WARN_BOOL_CONVERSION = YES;
				CLANG_WARN_CONSTANT_CONVERSION = YES;
				CLANG_WARN_DIRECT_OBJC_ISA_USAGE = YES_ERROR;
				CLANG_WARN_DOCUMENTATION_COMMENTS = YES;
				CLANG_WARN_EMPTY_BODY = YES;
				CLANG_WARN_ENUM_CONVERSION = YES;
				CLANG_WARN_INFINITE_RECURSION = YES;
				CLANG_WARN_INT_CONVERSION = YES;
				CLANG_WARN_OBJC_ROOT_CLASS = YES_ERROR;
				CLANG_WARN_SUSPICIOUS_MOVES = YES;
				CLANG_WARN_UNREACHABLE_CODE = YES;
				CLANG_WARN__DUPLICATE_METHOD_MATCH = YES;
				"CODE_SIGN_IDENTITY[sdk=iphoneos*]" = "iPhone Developer";
				COPY_PHASE_STRIP = NO;
				DEBUG_INFORMATION_FORMAT = "dwarf-with-dsym";
				ENABLE_NS_ASSERTIONS = NO;
				ENABLE_STRICT_OBJC_MSGSEND = YES;
				GCC_C_LANGUAGE_STANDARD = gnu99;
				GCC_NO_COMMON_BLOCKS = YES;
				GCC_WARN_64_TO_32_BIT_CONVERSION = YES;
				GCC_WARN_ABOUT_RETURN_TYPE = YES_ERROR;
				GCC_WARN_UNDECLARED_SELECTOR = YES;
				GCC_WARN_UNINITIALIZED_AUTOS = YES_AGGRESSIVE;
				GCC_WARN_UNUSED_FUNCTION = YES;
				GCC_WARN_UNUSED_VARIABLE = YES;
				IPHONEOS_DEPLOYMENT_TARGET = 10.0;
				MTL_ENABLE_DEBUG_INFO = NO;
				SDKROOT = iphoneos;
				VALIDATE_PRODUCT = YES;
			};
			name = Release;
		};
		9833A13B1E574A4700DB53B2 /* Debug */ = {
			isa = XCBuildConfiguration;
			baseConfigurationReference = 7C4491C6CAA87E37D8A397A8 /* Pods-ZBCommonSdk.debug.xcconfig */;
			buildSettings = {
				ASSETCATALOG_COMPILER_APPICON_NAME = AppIcon;
				INFOPLIST_FILE = ZBCommonSdk/Info.plist;
				LD_RUNPATH_SEARCH_PATHS = "$(inherited) @executable_path/Frameworks";
				PRODUCT_BUNDLE_IDENTIFIER = com.zhanbin.ZBCommonSdk;
				PRODUCT_NAME = "$(TARGET_NAME)";
			};
			name = Debug;
		};
		9833A13C1E574A4700DB53B2 /* Release */ = {
			isa = XCBuildConfiguration;
			baseConfigurationReference = B2FDFDF77F16C1EAF520CA75 /* Pods-ZBCommonSdk.release.xcconfig */;
			buildSettings = {
				ASSETCATALOG_COMPILER_APPICON_NAME = AppIcon;
				INFOPLIST_FILE = ZBCommonSdk/Info.plist;
				LD_RUNPATH_SEARCH_PATHS = "$(inherited) @executable_path/Frameworks";
				PRODUCT_BUNDLE_IDENTIFIER = com.zhanbin.ZBCommonSdk;
				PRODUCT_NAME = "$(TARGET_NAME)";
			};
			name = Release;
		};
/* End XCBuildConfiguration section */

/* Begin XCConfigurationList section */
		9833A11E1E574A4700DB53B2 /* Build configuration list for PBXProject "ZBCommonSdk" */ = {
			isa = XCConfigurationList;
			buildConfigurations = (
				9833A1381E574A4700DB53B2 /* Debug */,
				9833A1391E574A4700DB53B2 /* Release */,
			);
			defaultConfigurationIsVisible = 0;
			defaultConfigurationName = Release;
		};
		9833A13A1E574A4700DB53B2 /* Build configuration list for PBXNativeTarget "ZBCommonSdk" */ = {
			isa = XCConfigurationList;
			buildConfigurations = (
				9833A13B1E574A4700DB53B2 /* Debug */,
				9833A13C1E574A4700DB53B2 /* Release */,
			);
			defaultConfigurationIsVisible = 0;
		};
/* End XCConfigurationList section */
	};
	rootObject = 9833A11B1E574A4700DB53B2 /* Project object */;
}
